{
    "name": "cxengage-javascript-sdk",
    "version": "8.12.0",
    "lockfileVersion": 1,
    "requires": true,
    "dependencies": {
        "serenova-js-utils": {
            "version": "1.2.0",
            "resolved": "http://nexus.cxengagelabs.net/repository/npm-all/serenova-js-utils/-/serenova-js-utils-1.2.0.tgz",
            "integrity": "sha512-nJ7nXOg7ge93lok3i40Wp+kZGeuG9Lxd5Sei38y8yx5TZl+qkkAICje2sj5Msg5TBw6JoO7B5XSkng360CWLvg=="
        }
    }
}
