{
  "name": "cxengage-javascript-sdk",
  "version": "8.41.0",
  "lockfileVersion": 1,
  "requires": true,
  "dependencies": {
    "serenova-js-utils": {
      "version": "1.5.0",
      "resolved": "http://nexus.cxengagelabs.net/repository/npm-all/serenova-js-utils/-/serenova-js-utils-1.5.0.tgz",
      "integrity": "sha512-lo4ZR74UVdR/o/CmmHX94mkstORxruN1q9aFZGD4jysvmbf7DO/f1Wjc+Au4UYf3hVbIOG6GgLOj8RULyp6dbQ=="
    }
  }
}
