{
  "name": "cxengage-javascript-sdk",
  "version": "8.54.6",
  "lockfileVersion": 1,
  "requires": true,
  "dependencies": {
    "serenova-js-utils": {
      "version": "1.6.6",
      "resolved": "http://nexus.cxengagelabs.net/repository/npm-all/serenova-js-utils/-/serenova-js-utils-1.6.6.tgz",
      "integrity": "sha512-1SFwUn5Uqh6IyAXfZu0OOcwf44g5XJStPdLf/vfsAYdpAFg3qTg3fCD+IfjV79NqMVwLUm9QCii8u5WR4kI1RA=="
    }
  }
}
